// !$*UTF8*$!
{
	archiveVersion = 1;
	classes = {
	};
	objectVersion = 46;
	objects = {

/* Begin PBXBuildFile section */
		65AED8DC1B577742008D3B2E /* main.m in Sources */ = {isa = PBXBuildFile; fileRef = 65AED8DB1B577742008D3B2E /* main.m */; };
		65AED8DF1B577742008D3B2E /* AppDelegate.m in Sources */ = {isa = PBXBuildFile; fileRef = 65AED8DE1B577742008D3B2E /* AppDelegate.m */; };
		65AED8E21B577742008D3B2E /* ViewController.m in Sources */ = {isa = PBXBuildFile; fileRef = 65AED8E11B577742008D3B2E /* ViewController.m */; };
		65AED8E51B577742008D3B2E /* Main.storyboard in Resources */ = {isa = PBXBuildFile; fileRef = 65AED8E31B577742008D3B2E /* Main.storyboard */; };
		65AED8E71B577742008D3B2E /* Images.xcassets in Resources */ = {isa = PBXBuildFile; fileRef = 65AED8E61B577742008D3B2E /* Images.xcassets */; };
		65AED8EA1B577742008D3B2E /* LaunchScreen.xib in Resources */ = {isa = PBXBuildFile; fileRef = 65AED8E81B577742008D3B2E /* LaunchScreen.xib */; };
		65AED8F61B577742008D3B2E /* __4_tableview_1Tests.m in Sources */ = {isa = PBXBuildFile; fileRef = 65AED8F51B577742008D3B2E /* __4_tableview_1Tests.m */; };
		65AED9011B577AC3008D3B2E /* DetailViewController.m in Sources */ = {isa = PBXBuildFile; fileRef = 65AED9001B577AC3008D3B2E /* DetailViewController.m */; };
/* End PBXBuildFile section */

/* Begin PBXContainerItemProxy section */
		65AED8F01B577742008D3B2E /* PBXContainerItemProxy */ = {
			isa = PBXContainerItemProxy;
			containerPortal = 65AED8CE1B577742008D3B2E /* Project object */;
			proxyType = 1;
			remoteGlobalIDString = 65AED8D51B577742008D3B2E;
			remoteInfo = 2_4_tableview_1;
		};
/* End PBXContainerItemProxy section */

/* Begin PBXFileReference section */
		65AED8D61B577742008D3B2E /* 2_4_tableview_1.app */ = {isa = PBXFileReference; explicitFileType = wrapper.application; includeInIndex = 0; path = 2_4_tableview_1.app; sourceTree = BUILT_PRODUCTS_DIR; };
		65AED8DA1B577742008D3B2E /* Info.plist */ = {isa = PBXFileReference; lastKnownFileType = text.plist.xml; path = Info.plist; sourceTree = "<group>"; };
		65AED8DB1B577742008D3B2E /* main.m */ = {isa = PBXFileReference; lastKnownFileType = sourcecode.c.objc; path = main.m; sourceTree = "<group>"; };
		65AED8DD1B577742008D3B2E /* AppDelegate.h */ = {isa = PBXFileReference; lastKnownFileType = sourcecode.c.h; path = AppDelegate.h; sourceTree = "<group>"; };
		65AED8DE1B577742008D3B2E /* AppDelegate.m */ = {isa = PBXFileReference; lastKnownFileType = sourcecode.c.objc; path = AppDelegate.m; sourceTree = "<group>"; };
		65AED8E01B577742008D3B2E /* ViewController.h */ = {isa = PBXFileReference; lastKnownFileType = sourcecode.c.h; path = ViewController.h; sourceTree = "<group>"; };
		65AED8E11B577742008D3B2E /* ViewController.m */ = {isa = PBXFileReference; lastKnownFileType = sourcecode.c.objc; path = ViewController.m; sourceTree = "<group>"; };
		65AED8E41B577742008D3B2E /* Base */ = {isa = PBXFileReference; lastKnownFileType = file.storyboard; name = Base; path = Base.lproj/Main.storyboard; sourceTree = "<group>"; };
		65AED8E61B577742008D3B2E /* Images.xcassets */ = {isa = PBXFileReference; lastKnownFileType = folder.assetcatalog; path = Images.xcassets; sourceTree = "<group>"; };
		65AED8E91B577742008D3B2E /* Base */ = {isa = PBXFileReference; lastKnownFileType = file.xib; name = Base; path = Base.lproj/LaunchScreen.xib; sourceTree = "<group>"; };
		65AED8EF1B577742008D3B2E /* 2_4_tableview_1Tests.xctest */ = {isa = PBXFileReference; explicitFileType = wrapper.cfbundle; includeInIndex = 0; path = 2_4_tableview_1Tests.xctest; sourceTree = BUILT_PRODUCTS_DIR; };
		65AED8F41B577742008D3B2E /* Info.plist */ = {isa = PBXFileReference; lastKnownFileType = text.plist.xml; path = Info.plist; sourceTree = "<group>"; };
		65AED8F51B577742008D3B2E /* __4_tableview_1Tests.m */ = {isa = PBXFileReference; lastKnownFileType = sourcecode.c.objc; path = __4_tableview_1Tests.m; sourceTree = "<group>"; };
		65AED8FF1B577AC3008D3B2E /* DetailViewController.h */ = {isa = PBXFileReference; fileEncoding = 4; lastKnownFileType = sourcecode.c.h; path = DetailViewController.h; sourceTree = "<group>"; };
		65AED9001B577AC3008D3B2E /* DetailViewController.m */ = {isa = PBXFileReference; fileEncoding = 4; lastKnownFileType = sourcecode.c.objc; path = DetailViewController.m; sourceTree = "<group>"; };
/* End PBXFileReference section */

/* Begin PBXFrameworksBuildPhase section */
		65AED8D31B577742008D3B2E /* Frameworks */ = {
			isa = PBXFrameworksBuildPhase;
			buildActionMask = 2147483647;
			files = (
			);
			runOnlyForDeploymentPostprocessing = 0;
		};
		65AED8EC1B577742008D3B2E /* Frameworks */ = {
			isa = PBXFrameworksBuildPhase;
			buildActionMask = 2147483647;
			files = (
			);
			runOnlyForDeploymentPostprocessing = 0;
		};
/* End PBXFrameworksBuildPhase section */

/* Begin PBXGroup section */
		65AED8CD1B577742008D3B2E = {
			isa = PBXGroup;
			children = (
				65AED8D81B577742008D3B2E /* 2_4_tableview_1 */,
				65AED8F21B577742008D3B2E /* 2_4_tableview_1Tests */,
				65AED8D71B577742008D3B2E /* Products */,
			);
			sourceTree = "<group>";
		};
		65AED8D71B577742008D3B2E /* Products */ = {
			isa = PBXGroup;
			children = (
				65AED8D61B577742008D3B2E /* 2_4_tableview_1.app */,
				65AED8EF1B577742008D3B2E /* 2_4_tableview_1Tests.xctest */,
			);
			name = Products;
			sourceTree = "<group>";
		};
		65AED8D81B577742008D3B2E /* 2_4_tableview_1 */ = {
			isa = PBXGroup;
			children = (
				65AED8DD1B577742008D3B2E /* AppDelegate.h */,
				65AED8DE1B577742008D3B2E /* AppDelegate.m */,
				65AED8E01B577742008D3B2E /* ViewController.h */,
				65AED8E11B577742008D3B2E /* ViewController.m */,
				65AED8FF1B577AC3008D3B2E /* DetailViewController.h */,
				65AED9001B577AC3008D3B2E /* DetailViewController.m */,
				65AED8E31B577742008D3B2E /* Main.storyboard */,
				65AED8E61B577742008D3B2E /* Images.xcassets */,
				65AED8E81B577742008D3B2E /* LaunchScreen.xib */,
				65AED8D91B577742008D3B2E /* Supporting Files */,
			);
			path = 2_4_tableview_1;
			sourceTree = "<group>";
		};
		65AED8D91B577742008D3B2E /* Supporting Files */ = {
			isa = PBXGroup;
			children = (
				65AED8DA1B577742008D3B2E /* Info.plist */,
				65AED8DB1B577742008D3B2E /* main.m */,
			);
			name = "Supporting Files";
			sourceTree = "<group>";
		};
		65AED8F21B577742008D3B2E /* 2_4_tableview_1Tests */ = {
			isa = PBXGroup;
			children = (
				65AED8F51B577742008D3B2E /* __4_tableview_1Tests.m */,
				65AED8F31B577742008D3B2E /* Supporting Files */,
			);
			path = 2_4_tableview_1Tests;
			sourceTree = "<group>";
		};
		65AED8F31B577742008D3B2E /* Supporting Files */ = {
			isa = PBXGroup;
			children = (
				65AED8F41B577742008D3B2E /* Info.plist */,
			);
			name = "Supporting Files";
			sourceTree = "<group>";
		};
/* End PBXGroup section */

/* Begin PBXNativeTarget section */
		65AED8D51B577742008D3B2E /* 2_4_tableview_1 */ = {
			isa = PBXNativeTarget;
			buildConfigurationList = 65AED8F91B577742008D3B2E /* Build configuration list for PBXNativeTarget "2_4_tableview_1" */;
			buildPhases = (
				65AED8D21B577742008D3B2E /* Sources */,
				65AED8D31B577742008D3B2E /* Frameworks */,
				65AED8D41B577742008D3B2E /* Resources */,
			);
			buildRules = (
			);
			dependencies = (
			);
			name = 2_4_tableview_1;
			productName = 2_4_tableview_1;
			productReference = 65AED8D61B577742008D3B2E /* 2_4_tableview_1.app */;
			productType = "com.apple.product-type.application";
		};
		65AED8EE1B577742008D3B2E /* 2_4_tableview_1Tests */ = {
			isa = PBXNativeTarget;
			buildConfigurationList = 65AED8FC1B577742008D3B2E /* Build configuration list for PBXNativeTarget "2_4_tableview_1Tests" */;
			buildPhases = (
				65AED8EB1B577742008D3B2E /* Sources */,
				65AED8EC1B577742008D3B2E /* Frameworks */,
				65AED8ED1B577742008D3B2E /* Resources */,
			);
			buildRules = (
			);
			dependencies = (
				65AED8F11B577742008D3B2E /* PBXTargetDependency */,
			);
			name = 2_4_tableview_1Tests;
			productName = 2_4_tableview_1Tests;
			productReference = 65AED8EF1B577742008D3B2E /* 2_4_tableview_1Tests.xctest */;
			productType = "com.apple.product-type.bundle.unit-test";
		};
/* End PBXNativeTarget section */

/* Begin PBXProject section */
		65AED8CE1B577742008D3B2E /* Project object */ = {
			isa = PBXProject;
			attributes = {
				LastUpgradeCheck = 0620;
				ORGANIZATIONNAME = "Shinya Hirai";
				TargetAttributes = {
					65AED8D51B577742008D3B2E = {
						CreatedOnToolsVersion = 6.2;
					};
					65AED8EE1B577742008D3B2E = {
						CreatedOnToolsVersion = 6.2;
						TestTargetID = 65AED8D51B577742008D3B2E;
					};
				};
			};
			buildConfigurationList = 65AED8D11B577742008D3B2E /* Build configuration list for PBXProject "2_4_tableview_1" */;
			compatibilityVersion = "Xcode 3.2";
			developmentRegion = English;
			hasScannedForEncodings = 0;
			knownRegions = (
				en,
				Base,
			);
			mainGroup = 65AED8CD1B577742008D3B2E;
			productRefGroup = 65AED8D71B577742008D3B2E /* Products */;
			projectDirPath = "";
			projectRoot = "";
			targets = (
				65AED8D51B577742008D3B2E /* 2_4_tableview_1 */,
				65AED8EE1B577742008D3B2E /* 2_4_tableview_1Tests */,
			);
		};
/* End PBXProject section */

/* Begin PBXResourcesBuildPhase section */
		65AED8D41B577742008D3B2E /* Resources */ = {
			isa = PBXResourcesBuildPhase;
			buildActionMask = 2147483647;
			files = (
				65AED8E51B577742008D3B2E /* Main.storyboard in Resources */,
				65AED8EA1B577742008D3B2E /* LaunchScreen.xib in Resources */,
				65AED8E71B577742008D3B2E /* Images.xcassets in Resources */,
			);
			runOnlyForDeploymentPostprocessing = 0;
		};
		65AED8ED1B577742008D3B2E /* Resources */ = {
			isa = PBXResourcesBuildPhase;
			buildActionMask = 2147483647;
			files = (
			);
			runOnlyForDeploymentPostprocessing = 0;
		};
/* End PBXResourcesBuildPhase section */

/* Begin PBXSourcesBuildPhase section */
		65AED8D21B577742008D3B2E /* Sources */ = {
			isa = PBXSourcesBuildPhase;
			buildActionMask = 2147483647;
			files = (
				65AED8E21B577742008D3B2E /* ViewController.m in Sources */,
				65AED8DF1B577742008D3B2E /* AppDelegate.m in Sources */,
				65AED8DC1B577742008D3B2E /* main.m in Sources */,
				65AED9011B577AC3008D3B2E /* DetailViewController.m in Sources */,
			);
			runOnlyForDeploymentPostprocessing = 0;
		};
		65AED8EB1B577742008D3B2E /* Sources */ = {
			isa = PBXSourcesBuildPhase;
			buildActionMask = 2147483647;
			files = (
				65AED8F61B577742008D3B2E /* __4_tableview_1Tests.m in Sources */,
			);
			runOnlyForDeploymentPostprocessing = 0;
		};
/* End PBXSourcesBuildPhase section */

/* Begin PBXTargetDependency section */
		65AED8F11B577742008D3B2E /* PBXTargetDependency */ = {
			isa = PBXTargetDependency;
			target = 65AED8D51B577742008D3B2E /* 2_4_tableview_1 */;
			targetProxy = 65AED8F01B577742008D3B2E /* PBXContainerItemProxy */;
		};
/* End PBXTargetDependency section */

/* Begin PBXVariantGroup section */
		65AED8E31B577742008D3B2E /* Main.storyboard */ = {
			isa = PBXVariantGroup;
			children = (
				65AED8E41B577742008D3B2E /* Base */,
			);
			name = Main.storyboard;
			sourceTree = "<group>";
		};
		65AED8E81B577742008D3B2E /* LaunchScreen.xib */ = {
			isa = PBXVariantGroup;
			children = (
				65AED8E91B577742008D3B2E /* Base */,
			);
			name = LaunchScreen.xib;
			sourceTree = "<group>";
		};
/* End PBXVariantGroup section */

/* Begin XCBuildConfiguration section */
		65AED8F71B577742008D3B2E /* Debug */ = {
			isa = XCBuildConfiguration;
			buildSettings = {
				ALWAYS_SEARCH_USER_PATHS = NO;
				CLANG_CXX_LANGUAGE_STANDARD = "gnu++0x";
				CLANG_CXX_LIBRARY = "libc++";
				CLANG_ENABLE_MODULES = YES;
				CLANG_ENABLE_OBJC_ARC = YES;
				CLANG_WARN_BOOL_CONVERSION = YES;
				CLANG_WARN_CONSTANT_CONVERSION = YES;
				CLANG_WARN_DIRECT_OBJC_ISA_USAGE = YES_ERROR;
				CLANG_WARN_EMPTY_BODY = YES;
				CLANG_WARN_ENUM_CONVERSION = YES;
				CLANG_WARN_INT_CONVERSION = YES;
				CLANG_WARN_OBJC_ROOT_CLASS = YES_ERROR;
				CLANG_WARN_UNREACHABLE_CODE = YES;
				CLANG_WARN__DUPLICATE_METHOD_MATCH = YES;
				"CODE_SIGN_IDENTITY[sdk=iphoneos*]" = "iPhone Developer";
				COPY_PHASE_STRIP = NO;
				ENABLE_STRICT_OBJC_MSGSEND = YES;
				GCC_C_LANGUAGE_STANDARD = gnu99;
				GCC_DYNAMIC_NO_PIC = NO;
				GCC_OPTIMIZATION_LEVEL = 0;
				GCC_PREPROCESSOR_DEFINITIONS = (
					"DEBUG=1",
					"$(inherited)",
				);
				GCC_SYMBOLS_PRIVATE_EXTERN = NO;
				GCC_WARN_64_TO_32_BIT_CONVERSION = YES;
				GCC_WARN_ABOUT_RETURN_TYPE = YES_ERROR;
				GCC_WARN_UNDECLARED_SELECTOR = YES;
				GCC_WARN_UNINITIALIZED_AUTOS = YES_AGGRESSIVE;
				GCC_WARN_UNUSED_FUNCTION = YES;
				GCC_WARN_UNUSED_VARIABLE = YES;
				IPHONEOS_DEPLOYMENT_TARGET = 8.2;
				MTL_ENABLE_DEBUG_INFO = YES;
				ONLY_ACTIVE_ARCH = YES;
				SDKROOT = iphoneos;
			};
			name = Debug;
		};
		65AED8F81B577742008D3B2E /* Release */ = {
			isa = XCBuildConfiguration;
			buildSettings = {
				ALWAYS_SEARCH_USER_PATHS = NO;
				CLANG_CXX_LANGUAGE_STANDARD = "gnu++0x";
				CLANG_CXX_LIBRARY = "libc++";
				CLANG_ENABLE_MODULES = YES;
				CLANG_ENABLE_OBJC_ARC = YES;
				CLANG_WARN_BOOL_CONVERSION = YES;
				CLANG_WARN_CONSTANT_CONVERSION = YES;
				CLANG_WARN_DIRECT_OBJC_ISA_USAGE = YES_ERROR;
				CLANG_WARN_EMPTY_BODY = YES;
				CLANG_WARN_ENUM_CONVERSION = YES;
				CLANG_WARN_INT_CONVERSION = YES;
				CLANG_WARN_OBJC_ROOT_CLASS = YES_ERROR;
				CLANG_WARN_UNREACHABLE_CODE = YES;
				CLANG_WARN__DUPLICATE_METHOD_MATCH = YES;
				"CODE_SIGN_IDENTITY[sdk=iphoneos*]" = "iPhone Developer";
				COPY_PHASE_STRIP = NO;
				ENABLE_NS_ASSERTIONS = NO;
				ENABLE_STRICT_OBJC_MSGSEND = YES;
				GCC_C_LANGUAGE_STANDARD = gnu99;
				GCC_WARN_64_TO_32_BIT_CONVERSION = YES;
				GCC_WARN_ABOUT_RETURN_TYPE = YES_ERROR;
				GCC_WARN_UNDECLARED_SELECTOR = YES;
				GCC_WARN_UNINITIALIZED_AUTOS = YES_AGGRESSIVE;
				GCC_WARN_UNUSED_FUNCTION = YES;
				GCC_WARN_UNUSED_VARIABLE = YES;
				IPHONEOS_DEPLOYMENT_TARGET = 8.2;
				MTL_ENABLE_DEBUG_INFO = NO;
				SDKROOT = iphoneos;
				VALIDATE_PRODUCT = YES;
			};
			name = Release;
		};
		65AED8FA1B577742008D3B2E /* Debug */ = {
			isa = XCBuildConfiguration;
			buildSettings = {
				ASSETCATALOG_COMPILER_APPICON_NAME = AppIcon;
				INFOPLIST_FILE = 2_4_tableview_1/Info.plist;
				LD_RUNPATH_SEARCH_PATHS = "$(inherited) @executable_path/Frameworks";
				PRODUCT_NAME = "$(TARGET_NAME)";
			};
			name = Debug;
		};
		65AED8FB1B577742008D3B2E /* Release */ = {
			isa = XCBuildConfiguration;
			buildSettings = {
				ASSETCATALOG_COMPILER_APPICON_NAME = AppIcon;
				INFOPLIST_FILE = 2_4_tableview_1/Info.plist;
				LD_RUNPATH_SEARCH_PATHS = "$(inherited) @executable_path/Frameworks";
				PRODUCT_NAME = "$(TARGET_NAME)";
			};
			name = Release;
		};
		65AED8FD1B577742008D3B2E /* Debug */ = {
			isa = XCBuildConfiguration;
			buildSettings = {
				BUNDLE_LOADER = "$(TEST_HOST)";
				FRAMEWORK_SEARCH_PATHS = (
					"$(SDKROOT)/Developer/Library/Frameworks",
					"$(inherited)",
				);
				GCC_PREPROCESSOR_DEFINITIONS = (
					"DEBUG=1",
					"$(inherited)",
				);
				INFOPLIST_FILE = 2_4_tableview_1Tests/Info.plist;
				LD_RUNPATH_SEARCH_PATHS = "$(inherited) @executable_path/Frameworks @loader_path/Frameworks";
				PRODUCT_NAME = "$(TARGET_NAME)";
				TEST_HOST = "$(BUILT_PRODUCTS_DIR)/2_4_tableview_1.app/2_4_tableview_1";
			};
			name = Debug;
		};
		65AED8FE1B577742008D3B2E /* Release */ = {
			isa = XCBuildConfiguration;
			buildSettings = {
				BUNDLE_LOADER = "$(TEST_HOST)";
				FRAMEWORK_SEARCH_PATHS = (
					"$(SDKROOT)/Developer/Library/Frameworks",
					"$(inherited)",
				);
				INFOPLIST_FILE = 2_4_tableview_1Tests/Info.plist;
				LD_RUNPATH_SEARCH_PATHS = "$(inherited) @executable_path/Frameworks @loader_path/Frameworks";
				PRODUCT_NAME = "$(TARGET_NAME)";
				TEST_HOST = "$(BUILT_PRODUCTS_DIR)/2_4_tableview_1.app/2_4_tableview_1";
			};
			name = Release;
		};
/* End XCBuildConfiguration section */

/* Begin XCConfigurationList section */
		65AED8D11B577742008D3B2E /* Build configuration list for PBXProject "2_4_tableview_1" */ = {
			isa = XCConfigurationList;
			buildConfigurations = (
				65AED8F71B577742008D3B2E /* Debug */,
				65AED8F81B577742008D3B2E /* Release */,
			);
			defaultConfigurationIsVisible = 0;
			defaultConfigurationName = Release;
		};
		65AED8F91B577742008D3B2E /* Build configuration list for PBXNativeTarget "2_4_tableview_1" */ = {
			isa = XCConfigurationList;
			buildConfigurations = (
				65AED8FA1B577742008D3B2E /* Debug */,
				65AED8FB1B577742008D3B2E /* Release */,
			);
			defaultConfigurationIsVisible = 0;
		};
		65AED8FC1B577742008D3B2E /* Build configuration list for PBXNativeTarget "2_4_tableview_1Tests" */ = {
			isa = XCConfigurationList;
			buildConfigurations = (
				65AED8FD1B577742008D3B2E /* Debug */,
				65AED8FE1B577742008D3B2E /* Release */,
			);
			defaultConfigurationIsVisible = 0;
		};
/* End XCConfigurationList section */
	};
	rootObject = 65AED8CE1B577742008D3B2E /* Project object */;
}
